// !$*UTF8*$!
{
	archiveVersion = 1;
	classes = {
	};
	objectVersion = 46;
	objects = {

/* Begin PBXBuildFile section */
		B869FEA41C53155D00DD7CE5 /* main.m in Sources */ = {isa = PBXBuildFile; fileRef = B869FEA31C53155D00DD7CE5 /* main.m */; };
		B869FEAF1C53155D00DD7CE5 /* Assets.xcassets in Resources */ = {isa = PBXBuildFile; fileRef = B869FEAE1C53155D00DD7CE5 /* Assets.xcassets */; };
		B869FEB21C53155D00DD7CE5 /* LaunchScreen.storyboard in Resources */ = {isa = PBXBuildFile; fileRef = B869FEB01C53155D00DD7CE5 /* LaunchScreen.storyboard */; };
		B869FEBD1C53155D00DD7CE5 /* FlickrDemoTests.m in Sources */ = {isa = PBXBuildFile; fileRef = B869FEBC1C53155D00DD7CE5 /* FlickrDemoTests.m */; };
		B869FEC81C53155D00DD7CE5 /* FlickrDemoUITests.m in Sources */ = {isa = PBXBuildFile; fileRef = B869FEC71C53155D00DD7CE5 /* FlickrDemoUITests.m */; };
		B869FEDE1C53E05500DD7CE5 /* AppDelegate.m in Sources */ = {isa = PBXBuildFile; fileRef = B869FEDD1C53E05500DD7CE5 /* AppDelegate.m */; };
		B869FEE01C53E06900DD7CE5 /* FlickrImages_Storyboard.storyboard in Resources */ = {isa = PBXBuildFile; fileRef = B869FEDF1C53E06900DD7CE5 /* FlickrImages_Storyboard.storyboard */; };
		B869FEE31C53E16800DD7CE5 /* FKBaseViewController.m in Sources */ = {isa = PBXBuildFile; fileRef = B869FEE21C53E16800DD7CE5 /* FKBaseViewController.m */; };
		B869FEE61C53E18D00DD7CE5 /* FKImageListViewController.m in Sources */ = {isa = PBXBuildFile; fileRef = B869FEE51C53E18D00DD7CE5 /* FKImageListViewController.m */; };
		B869FEE91C53E19900DD7CE5 /* FKImageDetailViewController.m in Sources */ = {isa = PBXBuildFile; fileRef = B869FEE81C53E19900DD7CE5 /* FKImageDetailViewController.m */; };
		B869FEEC1C53E1C100DD7CE5 /* FKBaseCollectionViewCell.m in Sources */ = {isa = PBXBuildFile; fileRef = B869FEEB1C53E1C100DD7CE5 /* FKBaseCollectionViewCell.m */; };
		B869FEEF1C53E1E300DD7CE5 /* FKImageListCollectionViewCell.m in Sources */ = {isa = PBXBuildFile; fileRef = B869FEEE1C53E1E300DD7CE5 /* FKImageListCollectionViewCell.m */; };
		B869FEF21C53E28300DD7CE5 /* FKImageListViewController+CollectionView.m in Sources */ = {isa = PBXBuildFile; fileRef = B869FEF11C53E28300DD7CE5 /* FKImageListViewController+CollectionView.m */; };
		B869FEF81C53E96C00DD7CE5 /* FKImage.m in Sources */ = {isa = PBXBuildFile; fileRef = B869FEF71C53E96C00DD7CE5 /* FKImage.m */; };
		B869FEFB1C53EBC000DD7CE5 /* FKImageListFlowLayout.m in Sources */ = {isa = PBXBuildFile; fileRef = B869FEFA1C53EBC000DD7CE5 /* FKImageListFlowLayout.m */; };
		B869FF0A1C542D7900DD7CE5 /* FKImageListViewController+FlickrApis.m in Sources */ = {isa = PBXBuildFile; fileRef = B869FF091C542D7900DD7CE5 /* FKImageListViewController+FlickrApis.m */; };
		B8EA2CBD1C54446800853642 /* AlarmAlertView.m in Sources */ = {isa = PBXBuildFile; fileRef = B8EA2CBC1C54446800853642 /* AlarmAlertView.m */; };
		E0B2BA40F26D7AB9FF4FD41B /* libPods-FlickrDemo.a in Frameworks */ = {isa = PBXBuildFile; fileRef = 1E34BA755DCFA64B4A746D37 /* libPods-FlickrDemo.a */; };
/* End PBXBuildFile section */

/* Begin PBXContainerItemProxy section */
		B869FEB91C53155D00DD7CE5 /* PBXContainerItemProxy */ = {
			isa = PBXContainerItemProxy;
			containerPortal = B869FE971C53155D00DD7CE5 /* Project object */;
			proxyType = 1;
			remoteGlobalIDString = B869FE9E1C53155D00DD7CE5;
			remoteInfo = FlickrDemo;
		};
		B869FEC41C53155D00DD7CE5 /* PBXContainerItemProxy */ = {
			isa = PBXContainerItemProxy;
			containerPortal = B869FE971C53155D00DD7CE5 /* Project object */;
			proxyType = 1;
			remoteGlobalIDString = B869FE9E1C53155D00DD7CE5;
			remoteInfo = FlickrDemo;
		};
/* End PBXContainerItemProxy section */

/* Begin PBXFileReference section */
		0BD5188340D5B070629CE72C /* Pods-FlickrDemo.debug.xcconfig */ = {isa = PBXFileReference; includeInIndex = 1; lastKnownFileType = text.xcconfig; name = "Pods-FlickrDemo.debug.xcconfig"; path = "Pods/Target Support Files/Pods-FlickrDemo/Pods-FlickrDemo.debug.xcconfig"; sourceTree = "<group>"; };
		1E34BA755DCFA64B4A746D37 /* libPods-FlickrDemo.a */ = {isa = PBXFileReference; explicitFileType = archive.ar; includeInIndex = 0; path = "libPods-FlickrDemo.a"; sourceTree = BUILT_PRODUCTS_DIR; };
		A26B548B93848CD576C7CBD6 /* Pods-FlickrDemo.release.xcconfig */ = {isa = PBXFileReference; includeInIndex = 1; lastKnownFileType = text.xcconfig; name = "Pods-FlickrDemo.release.xcconfig"; path = "Pods/Target Support Files/Pods-FlickrDemo/Pods-FlickrDemo.release.xcconfig"; sourceTree = "<group>"; };
		B869FE9F1C53155D00DD7CE5 /* FlickrDemo.app */ = {isa = PBXFileReference; explicitFileType = wrapper.application; includeInIndex = 0; path = FlickrDemo.app; sourceTree = BUILT_PRODUCTS_DIR; };
		B869FEA31C53155D00DD7CE5 /* main.m */ = {isa = PBXFileReference; lastKnownFileType = sourcecode.c.objc; path = main.m; sourceTree = "<group>"; };
		B869FEAE1C53155D00DD7CE5 /* Assets.xcassets */ = {isa = PBXFileReference; lastKnownFileType = folder.assetcatalog; path = Assets.xcassets; sourceTree = "<group>"; };
		B869FEB11C53155D00DD7CE5 /* Base */ = {isa = PBXFileReference; lastKnownFileType = file.storyboard; name = Base; path = Base.lproj/LaunchScreen.storyboard; sourceTree = "<group>"; };
		B869FEB31C53155D00DD7CE5 /* Info.plist */ = {isa = PBXFileReference; lastKnownFileType = text.plist.xml; path = Info.plist; sourceTree = "<group>"; };
		B869FEB81C53155D00DD7CE5 /* FlickrDemoTests.xctest */ = {isa = PBXFileReference; explicitFileType = wrapper.cfbundle; includeInIndex = 0; path = FlickrDemoTests.xctest; sourceTree = BUILT_PRODUCTS_DIR; };
		B869FEBC1C53155D00DD7CE5 /* FlickrDemoTests.m */ = {isa = PBXFileReference; lastKnownFileType = sourcecode.c.objc; path = FlickrDemoTests.m; sourceTree = "<group>"; };
		B869FEBE1C53155D00DD7CE5 /* Info.plist */ = {isa = PBXFileReference; lastKnownFileType = text.plist.xml; path = Info.plist; sourceTree = "<group>"; };
		B869FEC31C53155D00DD7CE5 /* FlickrDemoUITests.xctest */ = {isa = PBXFileReference; explicitFileType = wrapper.cfbundle; includeInIndex = 0; path = FlickrDemoUITests.xctest; sourceTree = BUILT_PRODUCTS_DIR; };
		B869FEC71C53155D00DD7CE5 /* FlickrDemoUITests.m */ = {isa = PBXFileReference; lastKnownFileType = sourcecode.c.objc; path = FlickrDemoUITests.m; sourceTree = "<group>"; };
		B869FEC91C53155D00DD7CE5 /* Info.plist */ = {isa = PBXFileReference; lastKnownFileType = text.plist.xml; path = Info.plist; sourceTree = "<group>"; };
		B869FEDC1C53E05500DD7CE5 /* AppDelegate.h */ = {isa = PBXFileReference; fileEncoding = 4; lastKnownFileType = sourcecode.c.h; path = AppDelegate.h; sourceTree = "<group>"; };
		B869FEDD1C53E05500DD7CE5 /* AppDelegate.m */ = {isa = PBXFileReference; fileEncoding = 4; lastKnownFileType = sourcecode.c.objc; path = AppDelegate.m; sourceTree = "<group>"; };
		B869FEDF1C53E06900DD7CE5 /* FlickrImages_Storyboard.storyboard */ = {isa = PBXFileReference; fileEncoding = 4; lastKnownFileType = file.storyboard; path = FlickrImages_Storyboard.storyboard; sourceTree = "<group>"; };
		B869FEE11C53E16800DD7CE5 /* FKBaseViewController.h */ = {isa = PBXFileReference; fileEncoding = 4; lastKnownFileType = sourcecode.c.h; path = FKBaseViewController.h; sourceTree = "<group>"; };
		B869FEE21C53E16800DD7CE5 /* FKBaseViewController.m */ = {isa = PBXFileReference; fileEncoding = 4; lastKnownFileType = sourcecode.c.objc; path = FKBaseViewController.m; sourceTree = "<group>"; };
		B869FEE41C53E18D00DD7CE5 /* FKImageListViewController.h */ = {isa = PBXFileReference; fileEncoding = 4; lastKnownFileType = sourcecode.c.h; path = FKImageListViewController.h; sourceTree = "<group>"; };
		B869FEE51C53E18D00DD7CE5 /* FKImageListViewController.m */ = {isa = PBXFileReference; fileEncoding = 4; lastKnownFileType = sourcecode.c.objc; path = FKImageListViewController.m; sourceTree = "<group>"; };
		B869FEE71C53E19900DD7CE5 /* FKImageDetailViewController.h */ = {isa = PBXFileReference; fileEncoding = 4; lastKnownFileType = sourcecode.c.h; path = FKImageDetailViewController.h; sourceTree = "<group>"; };
		B869FEE81C53E19900DD7CE5 /* FKImageDetailViewController.m */ = {isa = PBXFileReference; fileEncoding = 4; lastKnownFileType = sourcecode.c.objc; path = FKImageDetailViewController.m; sourceTree = "<group>"; };
		B869FEEA1C53E1C100DD7CE5 /* FKBaseCollectionViewCell.h */ = {isa = PBXFileReference; fileEncoding = 4; lastKnownFileType = sourcecode.c.h; path = FKBaseCollectionViewCell.h; sourceTree = "<group>"; };
		B869FEEB1C53E1C100DD7CE5 /* FKBaseCollectionViewCell.m */ = {isa = PBXFileReference; fileEncoding = 4; lastKnownFileType = sourcecode.c.objc; path = FKBaseCollectionViewCell.m; sourceTree = "<group>"; };
		B869FEED1C53E1E300DD7CE5 /* FKImageListCollectionViewCell.h */ = {isa = PBXFileReference; fileEncoding = 4; lastKnownFileType = sourcecode.c.h; path = FKImageListCollectionViewCell.h; sourceTree = "<group>"; };
		B869FEEE1C53E1E300DD7CE5 /* FKImageListCollectionViewCell.m */ = {isa = PBXFileReference; fileEncoding = 4; lastKnownFileType = sourcecode.c.objc; path = FKImageListCollectionViewCell.m; sourceTree = "<group>"; };
		B869FEF01C53E28300DD7CE5 /* FKImageListViewController+CollectionView.h */ = {isa = PBXFileReference; fileEncoding = 4; lastKnownFileType = sourcecode.c.h; path = "FKImageListViewController+CollectionView.h"; sourceTree = "<group>"; };
		B869FEF11C53E28300DD7CE5 /* FKImageListViewController+CollectionView.m */ = {isa = PBXFileReference; fileEncoding = 4; lastKnownFileType = sourcecode.c.objc; path = "FKImageListViewController+CollectionView.m"; sourceTree = "<group>"; };
		B869FEF61C53E96C00DD7CE5 /* FKImage.h */ = {isa = PBXFileReference; fileEncoding = 4; lastKnownFileType = sourcecode.c.h; path = FKImage.h; sourceTree = "<group>"; };
		B869FEF71C53E96C00DD7CE5 /* FKImage.m */ = {isa = PBXFileReference; fileEncoding = 4; lastKnownFileType = sourcecode.c.objc; path = FKImage.m; sourceTree = "<group>"; };
		B869FEF91C53EBC000DD7CE5 /* FKImageListFlowLayout.h */ = {isa = PBXFileReference; fileEncoding = 4; lastKnownFileType = sourcecode.c.h; path = FKImageListFlowLayout.h; sourceTree = "<group>"; };
		B869FEFA1C53EBC000DD7CE5 /* FKImageListFlowLayout.m */ = {isa = PBXFileReference; fileEncoding = 4; lastKnownFileType = sourcecode.c.objc; path = FKImageListFlowLayout.m; sourceTree = "<group>"; };
		B869FF081C542D7900DD7CE5 /* FKImageListViewController+FlickrApis.h */ = {isa = PBXFileReference; fileEncoding = 4; lastKnownFileType = sourcecode.c.h; path = "FKImageListViewController+FlickrApis.h"; sourceTree = "<group>"; };
		B869FF091C542D7900DD7CE5 /* FKImageListViewController+FlickrApis.m */ = {isa = PBXFileReference; fileEncoding = 4; lastKnownFileType = sourcecode.c.objc; path = "FKImageListViewController+FlickrApis.m"; sourceTree = "<group>"; };
		B8EA2CBB1C54446800853642 /* AlarmAlertView.h */ = {isa = PBXFileReference; fileEncoding = 4; lastKnownFileType = sourcecode.c.h; path = AlarmAlertView.h; sourceTree = "<group>"; };
		B8EA2CBC1C54446800853642 /* AlarmAlertView.m */ = {isa = PBXFileReference; fileEncoding = 4; lastKnownFileType = sourcecode.c.objc; path = AlarmAlertView.m; sourceTree = "<group>"; };
/* End PBXFileReference section */

/* Begin PBXFrameworksBuildPhase section */
		B869FE9C1C53155D00DD7CE5 /* Frameworks */ = {
			isa = PBXFrameworksBuildPhase;
			buildActionMask = 2147483647;
			files = (
				E0B2BA40F26D7AB9FF4FD41B /* libPods-FlickrDemo.a in Frameworks */,
			);
			runOnlyForDeploymentPostprocessing = 0;
		};
		B869FEB51C53155D00DD7CE5 /* Frameworks */ = {
			isa = PBXFrameworksBuildPhase;
			buildActionMask = 2147483647;
			files = (
			);
			runOnlyForDeploymentPostprocessing = 0;
		};
		B869FEC01C53155D00DD7CE5 /* Frameworks */ = {
			isa = PBXFrameworksBuildPhase;
			buildActionMask = 2147483647;
			files = (
			);
			runOnlyForDeploymentPostprocessing = 0;
		};
/* End PBXFrameworksBuildPhase section */

/* Begin PBXGroup section */
		64487632FFF345B6AA8605DC /* Pods */ = {
			isa = PBXGroup;
			children = (
				0BD5188340D5B070629CE72C /* Pods-FlickrDemo.debug.xcconfig */,
				A26B548B93848CD576C7CBD6 /* Pods-FlickrDemo.release.xcconfig */,
			);
			name = Pods;
			sourceTree = "<group>";
		};
		B869FE961C53155D00DD7CE5 = {
			isa = PBXGroup;
			children = (
				B869FEA11C53155D00DD7CE5 /* FlickrDemo */,
				B869FEBB1C53155D00DD7CE5 /* FlickrDemoTests */,
				B869FEC61C53155D00DD7CE5 /* FlickrDemoUITests */,
				B869FEA01C53155D00DD7CE5 /* Products */,
				64487632FFF345B6AA8605DC /* Pods */,
				CEA92C8D28B39E8C3A453268 /* Frameworks */,
			);
			sourceTree = "<group>";
		};
		B869FEA01C53155D00DD7CE5 /* Products */ = {
			isa = PBXGroup;
			children = (
				B869FE9F1C53155D00DD7CE5 /* FlickrDemo.app */,
				B869FEB81C53155D00DD7CE5 /* FlickrDemoTests.xctest */,
				B869FEC31C53155D00DD7CE5 /* FlickrDemoUITests.xctest */,
			);
			name = Products;
			sourceTree = "<group>";
		};
		B869FEA11C53155D00DD7CE5 /* FlickrDemo */ = {
			isa = PBXGroup;
			children = (
				B869FED51C53E01A00DD7CE5 /* Classes */,
				B869FEA21C53155D00DD7CE5 /* Supporting Files */,
			);
			path = FlickrDemo;
			sourceTree = "<group>";
		};
		B869FEA21C53155D00DD7CE5 /* Supporting Files */ = {
			isa = PBXGroup;
			children = (
				B869FEAE1C53155D00DD7CE5 /* Assets.xcassets */,
				B869FEB01C53155D00DD7CE5 /* LaunchScreen.storyboard */,
				B869FEB31C53155D00DD7CE5 /* Info.plist */,
				B869FEA31C53155D00DD7CE5 /* main.m */,
			);
			name = "Supporting Files";
			sourceTree = "<group>";
		};
		B869FEBB1C53155D00DD7CE5 /* FlickrDemoTests */ = {
			isa = PBXGroup;
			children = (
				B869FEBC1C53155D00DD7CE5 /* FlickrDemoTests.m */,
				B869FEBE1C53155D00DD7CE5 /* Info.plist */,
			);
			path = FlickrDemoTests;
			sourceTree = "<group>";
		};
		B869FEC61C53155D00DD7CE5 /* FlickrDemoUITests */ = {
			isa = PBXGroup;
			children = (
				B869FEC71C53155D00DD7CE5 /* FlickrDemoUITests.m */,
				B869FEC91C53155D00DD7CE5 /* Info.plist */,
			);
			path = FlickrDemoUITests;
			sourceTree = "<group>";
		};
		B869FED51C53E01A00DD7CE5 /* Classes */ = {
			isa = PBXGroup;
			children = (
				B869FEDB1C53E05500DD7CE5 /* AppDelegates */,
				B869FED61C53E01A00DD7CE5 /* FlickrImages */,
			);
			path = Classes;
			sourceTree = "<group>";
		};
		B869FED61C53E01A00DD7CE5 /* FlickrImages */ = {
			isa = PBXGroup;
			children = (
				B869FED71C53E01A00DD7CE5 /* Controllers */,
				B869FED81C53E01A00DD7CE5 /* Models */,
				B869FED91C53E01A00DD7CE5 /* Views */,
				B8EA2CBA1C54446800853642 /* Utils */,
			);
			path = FlickrImages;
			sourceTree = "<group>";
		};
		B869FED71C53E01A00DD7CE5 /* Controllers */ = {
			isa = PBXGroup;
			children = (
				B869FEE11C53E16800DD7CE5 /* FKBaseViewController.h */,
				B869FEE21C53E16800DD7CE5 /* FKBaseViewController.m */,
				B869FEE41C53E18D00DD7CE5 /* FKImageListViewController.h */,
				B869FEE51C53E18D00DD7CE5 /* FKImageListViewController.m */,
				B869FEF01C53E28300DD7CE5 /* FKImageListViewController+CollectionView.h */,
				B869FEF11C53E28300DD7CE5 /* FKImageListViewController+CollectionView.m */,
				B869FF081C542D7900DD7CE5 /* FKImageListViewController+FlickrApis.h */,
				B869FF091C542D7900DD7CE5 /* FKImageListViewController+FlickrApis.m */,
				B869FEE71C53E19900DD7CE5 /* FKImageDetailViewController.h */,
				B869FEE81C53E19900DD7CE5 /* FKImageDetailViewController.m */,
			);
			path = Controllers;
			sourceTree = "<group>";
		};
		B869FED81C53E01A00DD7CE5 /* Models */ = {
			isa = PBXGroup;
			children = (
				B869FEF61C53E96C00DD7CE5 /* FKImage.h */,
				B869FEF71C53E96C00DD7CE5 /* FKImage.m */,
				B869FEF91C53EBC000DD7CE5 /* FKImageListFlowLayout.h */,
				B869FEFA1C53EBC000DD7CE5 /* FKImageListFlowLayout.m */,
			);
			path = Models;
			sourceTree = "<group>";
		};
		B869FED91C53E01A00DD7CE5 /* Views */ = {
			isa = PBXGroup;
			children = (
				B869FEEA1C53E1C100DD7CE5 /* FKBaseCollectionViewCell.h */,
				B869FEEB1C53E1C100DD7CE5 /* FKBaseCollectionViewCell.m */,
				B869FEED1C53E1E300DD7CE5 /* FKImageListCollectionViewCell.h */,
				B869FEEE1C53E1E300DD7CE5 /* FKImageListCollectionViewCell.m */,
				B869FEDF1C53E06900DD7CE5 /* FlickrImages_Storyboard.storyboard */,
			);
			path = Views;
			sourceTree = "<group>";
		};
		B869FEDB1C53E05500DD7CE5 /* AppDelegates */ = {
			isa = PBXGroup;
			children = (
				B869FEDC1C53E05500DD7CE5 /* AppDelegate.h */,
				B869FEDD1C53E05500DD7CE5 /* AppDelegate.m */,
			);
			path = AppDelegates;
			sourceTree = "<group>";
		};
		B8EA2CBA1C54446800853642 /* Utils */ = {
			isa = PBXGroup;
			children = (
				B8EA2CBB1C54446800853642 /* AlarmAlertView.h */,
				B8EA2CBC1C54446800853642 /* AlarmAlertView.m */,
			);
			path = Utils;
			sourceTree = "<group>";
		};
		CEA92C8D28B39E8C3A453268 /* Frameworks */ = {
			isa = PBXGroup;
			children = (
				1E34BA755DCFA64B4A746D37 /* libPods-FlickrDemo.a */,
			);
			name = Frameworks;
			sourceTree = "<group>";
		};
/* End PBXGroup section */

/* Begin PBXNativeTarget section */
		B869FE9E1C53155D00DD7CE5 /* FlickrDemo */ = {
			isa = PBXNativeTarget;
			buildConfigurationList = B869FECC1C53155D00DD7CE5 /* Build configuration list for PBXNativeTarget "FlickrDemo" */;
			buildPhases = (
				2C0D359D9C0BFA9A2F8117EE /* Check Pods Manifest.lock */,
				B869FE9B1C53155D00DD7CE5 /* Sources */,
				B869FE9C1C53155D00DD7CE5 /* Frameworks */,
				B869FE9D1C53155D00DD7CE5 /* Resources */,
				9E29FF361A0E3982C3419882 /* Embed Pods Frameworks */,
				8595EFFF5CCDDFEB0178FB4B /* Copy Pods Resources */,
			);
			buildRules = (
			);
			dependencies = (
			);
			name = FlickrDemo;
			productName = FlickrDemo;
			productReference = B869FE9F1C53155D00DD7CE5 /* FlickrDemo.app */;
			productType = "com.apple.product-type.application";
		};
		B869FEB71C53155D00DD7CE5 /* FlickrDemoTests */ = {
			isa = PBXNativeTarget;
			buildConfigurationList = B869FECF1C53155D00DD7CE5 /* Build configuration list for PBXNativeTarget "FlickrDemoTests" */;
			buildPhases = (
				B869FEB41C53155D00DD7CE5 /* Sources */,
				B869FEB51C53155D00DD7CE5 /* Frameworks */,
				B869FEB61C53155D00DD7CE5 /* Resources */,
			);
			buildRules = (
			);
			dependencies = (
				B869FEBA1C53155D00DD7CE5 /* PBXTargetDependency */,
			);
			name = FlickrDemoTests;
			productName = FlickrDemoTests;
			productReference = B869FEB81C53155D00DD7CE5 /* FlickrDemoTests.xctest */;
			productType = "com.apple.product-type.bundle.unit-test";
		};
		B869FEC21C53155D00DD7CE5 /* FlickrDemoUITests */ = {
			isa = PBXNativeTarget;
			buildConfigurationList = B869FED21C53155D00DD7CE5 /* Build configuration list for PBXNativeTarget "FlickrDemoUITests" */;
			buildPhases = (
				B869FEBF1C53155D00DD7CE5 /* Sources */,
				B869FEC01C53155D00DD7CE5 /* Frameworks */,
				B869FEC11C53155D00DD7CE5 /* Resources */,
			);
			buildRules = (
			);
			dependencies = (
				B869FEC51C53155D00DD7CE5 /* PBXTargetDependency */,
			);
			name = FlickrDemoUITests;
			productName = FlickrDemoUITests;
			productReference = B869FEC31C53155D00DD7CE5 /* FlickrDemoUITests.xctest */;
			productType = "com.apple.product-type.bundle.ui-testing";
		};
/* End PBXNativeTarget section */

/* Begin PBXProject section */
		B869FE971C53155D00DD7CE5 /* Project object */ = {
			isa = PBXProject;
			attributes = {
				LastUpgradeCheck = 0710;
				ORGANIZATIONNAME = Planhola.com;
				TargetAttributes = {
					B869FE9E1C53155D00DD7CE5 = {
						CreatedOnToolsVersion = 7.1;
						DevelopmentTeam = 4B6J56772J;
					};
					B869FEB71C53155D00DD7CE5 = {
						CreatedOnToolsVersion = 7.1;
						TestTargetID = B869FE9E1C53155D00DD7CE5;
					};
					B869FEC21C53155D00DD7CE5 = {
						CreatedOnToolsVersion = 7.1;
						TestTargetID = B869FE9E1C53155D00DD7CE5;
					};
				};
			};
			buildConfigurationList = B869FE9A1C53155D00DD7CE5 /* Build configuration list for PBXProject "FlickrDemo" */;
			compatibilityVersion = "Xcode 3.2";
			developmentRegion = English;
			hasScannedForEncodings = 0;
			knownRegions = (
				en,
				Base,
			);
			mainGroup = B869FE961C53155D00DD7CE5;
			productRefGroup = B869FEA01C53155D00DD7CE5 /* Products */;
			projectDirPath = "";
			projectRoot = "";
			targets = (
				B869FE9E1C53155D00DD7CE5 /* FlickrDemo */,
				B869FEB71C53155D00DD7CE5 /* FlickrDemoTests */,
				B869FEC21C53155D00DD7CE5 /* FlickrDemoUITests */,
			);
		};
/* End PBXProject section */

/* Begin PBXResourcesBuildPhase section */
		B869FE9D1C53155D00DD7CE5 /* Resources */ = {
			isa = PBXResourcesBuildPhase;
			buildActionMask = 2147483647;
			files = (
				B869FEB21C53155D00DD7CE5 /* LaunchScreen.storyboard in Resources */,
				B869FEAF1C53155D00DD7CE5 /* Assets.xcassets in Resources */,
				B869FEE01C53E06900DD7CE5 /* FlickrImages_Storyboard.storyboard in Resources */,
			);
			runOnlyForDeploymentPostprocessing = 0;
		};
		B869FEB61C53155D00DD7CE5 /* Resources */ = {
			isa = PBXResourcesBuildPhase;
			buildActionMask = 2147483647;
			files = (
			);
			runOnlyForDeploymentPostprocessing = 0;
		};
		B869FEC11C53155D00DD7CE5 /* Resources */ = {
			isa = PBXResourcesBuildPhase;
			buildActionMask = 2147483647;
			files = (
			);
			runOnlyForDeploymentPostprocessing = 0;
		};
/* End PBXResourcesBuildPhase section */

/* Begin PBXShellScriptBuildPhase section */
		2C0D359D9C0BFA9A2F8117EE /* Check Pods Manifest.lock */ = {
			isa = PBXShellScriptBuildPhase;
			buildActionMask = 2147483647;
			files = (
			);
			inputPaths = (
			);
			name = "Check Pods Manifest.lock";
			outputPaths = (
			);
			runOnlyForDeploymentPostprocessing = 0;
			shellPath = /bin/sh;
			shellScript = "diff \"${PODS_ROOT}/../Podfile.lock\" \"${PODS_ROOT}/Manifest.lock\" > /dev/null\nif [[ $? != 0 ]] ; then\n    cat << EOM\nerror: The sandbox is not in sync with the Podfile.lock. Run 'pod install' or update your CocoaPods installation.\nEOM\n    exit 1\nfi\n";
			showEnvVarsInLog = 0;
		};
		8595EFFF5CCDDFEB0178FB4B /* Copy Pods Resources */ = {
			isa = PBXShellScriptBuildPhase;
			buildActionMask = 2147483647;
			files = (
			);
			inputPaths = (
			);
			name = "Copy Pods Resources";
			outputPaths = (
			);
			runOnlyForDeploymentPostprocessing = 0;
			shellPath = /bin/sh;
			shellScript = "\"${SRCROOT}/Pods/Target Support Files/Pods-FlickrDemo/Pods-FlickrDemo-resources.sh\"\n";
			showEnvVarsInLog = 0;
		};
		9E29FF361A0E3982C3419882 /* Embed Pods Frameworks */ = {
			isa = PBXShellScriptBuildPhase;
			buildActionMask = 2147483647;
			files = (
			);
			inputPaths = (
			);
			name = "Embed Pods Frameworks";
			outputPaths = (
			);
			runOnlyForDeploymentPostprocessing = 0;
			shellPath = /bin/sh;
			shellScript = "\"${SRCROOT}/Pods/Target Support Files/Pods-FlickrDemo/Pods-FlickrDemo-frameworks.sh\"\n";
			showEnvVarsInLog = 0;
		};
/* End PBXShellScriptBuildPhase section */

/* Begin PBXSourcesBuildPhase section */
		B869FE9B1C53155D00DD7CE5 /* Sources */ = {
			isa = PBXSourcesBuildPhase;
			buildActionMask = 2147483647;
			files = (
				B869FEF81C53E96C00DD7CE5 /* FKImage.m in Sources */,
				B869FEDE1C53E05500DD7CE5 /* AppDelegate.m in Sources */,
				B869FEE61C53E18D00DD7CE5 /* FKImageListViewController.m in Sources */,
				B869FEEC1C53E1C100DD7CE5 /* FKBaseCollectionViewCell.m in Sources */,
				B869FEA41C53155D00DD7CE5 /* main.m in Sources */,
				B869FEE91C53E19900DD7CE5 /* FKImageDetailViewController.m in Sources */,
				B869FEEF1C53E1E300DD7CE5 /* FKImageListCollectionViewCell.m in Sources */,
				B8EA2CBD1C54446800853642 /* AlarmAlertView.m in Sources */,
				B869FEF21C53E28300DD7CE5 /* FKImageListViewController+CollectionView.m in Sources */,
				B869FEE31C53E16800DD7CE5 /* FKBaseViewController.m in Sources */,
				B869FEFB1C53EBC000DD7CE5 /* FKImageListFlowLayout.m in Sources */,
				B869FF0A1C542D7900DD7CE5 /* FKImageListViewController+FlickrApis.m in Sources */,
			);
			runOnlyForDeploymentPostprocessing = 0;
		};
		B869FEB41C53155D00DD7CE5 /* Sources */ = {
			isa = PBXSourcesBuildPhase;
			buildActionMask = 2147483647;
			files = (
				B869FEBD1C53155D00DD7CE5 /* FlickrDemoTests.m in Sources */,
			);
			runOnlyForDeploymentPostprocessing = 0;
		};
		B869FEBF1C53155D00DD7CE5 /* Sources */ = {
			isa = PBXSourcesBuildPhase;
			buildActionMask = 2147483647;
			files = (
				B869FEC81C53155D00DD7CE5 /* FlickrDemoUITests.m in Sources */,
			);
			runOnlyForDeploymentPostprocessing = 0;
		};
/* End PBXSourcesBuildPhase section */

/* Begin PBXTargetDependency section */
		B869FEBA1C53155D00DD7CE5 /* PBXTargetDependency */ = {
			isa = PBXTargetDependency;
			target = B869FE9E1C53155D00DD7CE5 /* FlickrDemo */;
			targetProxy = B869FEB91C53155D00DD7CE5 /* PBXContainerItemProxy */;
		};
		B869FEC51C53155D00DD7CE5 /* PBXTargetDependency */ = {
			isa = PBXTargetDependency;
			target = B869FE9E1C53155D00DD7CE5 /* FlickrDemo */;
			targetProxy = B869FEC41C53155D00DD7CE5 /* PBXContainerItemProxy */;
		};
/* End PBXTargetDependency section */

/* Begin PBXVariantGroup section */
		B869FEB01C53155D00DD7CE5 /* LaunchScreen.storyboard */ = {
			isa = PBXVariantGroup;
			children = (
				B869FEB11C53155D00DD7CE5 /* Base */,
			);
			name = LaunchScreen.storyboard;
			sourceTree = "<group>";
		};
/* End PBXVariantGroup section */

/* Begin XCBuildConfiguration section */
		B869FECA1C53155D00DD7CE5 /* Debug */ = {
			isa = XCBuildConfiguration;
			buildSettings = {
				ALWAYS_SEARCH_USER_PATHS = NO;
				CLANG_CXX_LANGUAGE_STANDARD = "gnu++0x";
				CLANG_CXX_LIBRARY = "libc++";
				CLANG_ENABLE_MODULES = YES;
				CLANG_ENABLE_OBJC_ARC = YES;
				CLANG_WARN_BOOL_CONVERSION = YES;
				CLANG_WARN_CONSTANT_CONVERSION = YES;
				CLANG_WARN_DIRECT_OBJC_ISA_USAGE = YES_ERROR;
				CLANG_WARN_EMPTY_BODY = YES;
				CLANG_WARN_ENUM_CONVERSION = YES;
				CLANG_WARN_INT_CONVERSION = YES;
				CLANG_WARN_OBJC_ROOT_CLASS = YES_ERROR;
				CLANG_WARN_UNREACHABLE_CODE = YES;
				CLANG_WARN__DUPLICATE_METHOD_MATCH = YES;
				"CODE_SIGN_IDENTITY[sdk=iphoneos*]" = "iPhone Developer";
				COPY_PHASE_STRIP = NO;
				DEBUG_INFORMATION_FORMAT = dwarf;
				ENABLE_STRICT_OBJC_MSGSEND = YES;
				ENABLE_TESTABILITY = YES;
				GCC_C_LANGUAGE_STANDARD = gnu99;
				GCC_DYNAMIC_NO_PIC = NO;
				GCC_NO_COMMON_BLOCKS = YES;
				GCC_OPTIMIZATION_LEVEL = 0;
				GCC_PREPROCESSOR_DEFINITIONS = (
					"DEBUG=1",
					"$(inherited)",
				);
				GCC_WARN_64_TO_32_BIT_CONVERSION = YES;
				GCC_WARN_ABOUT_RETURN_TYPE = YES_ERROR;
				GCC_WARN_UNDECLARED_SELECTOR = YES;
				GCC_WARN_UNINITIALIZED_AUTOS = YES_AGGRESSIVE;
				GCC_WARN_UNUSED_FUNCTION = YES;
				GCC_WARN_UNUSED_VARIABLE = YES;
				IPHONEOS_DEPLOYMENT_TARGET = 9.1;
				MTL_ENABLE_DEBUG_INFO = YES;
				ONLY_ACTIVE_ARCH = YES;
				SDKROOT = iphoneos;
				TARGETED_DEVICE_FAMILY = "1,2";
			};
			name = Debug;
		};
		B869FECB1C53155D00DD7CE5 /* Release */ = {
			isa = XCBuildConfiguration;
			buildSettings = {
				ALWAYS_SEARCH_USER_PATHS = NO;
				CLANG_CXX_LANGUAGE_STANDARD = "gnu++0x";
				CLANG_CXX_LIBRARY = "libc++";
				CLANG_ENABLE_MODULES = YES;
				CLANG_ENABLE_OBJC_ARC = YES;
				CLANG_WARN_BOOL_CONVERSION = YES;
				CLANG_WARN_CONSTANT_CONVERSION = YES;
				CLANG_WARN_DIRECT_OBJC_ISA_USAGE = YES_ERROR;
				CLANG_WARN_EMPTY_BODY = YES;
				CLANG_WARN_ENUM_CONVERSION = YES;
				CLANG_WARN_INT_CONVERSION = YES;
				CLANG_WARN_OBJC_ROOT_CLASS = YES_ERROR;
				CLANG_WARN_UNREACHABLE_CODE = YES;
				CLANG_WARN__DUPLICATE_METHOD_MATCH = YES;
				"CODE_SIGN_IDENTITY[sdk=iphoneos*]" = "iPhone Developer";
				COPY_PHASE_STRIP = NO;
				DEBUG_INFORMATION_FORMAT = "dwarf-with-dsym";
				ENABLE_NS_ASSERTIONS = NO;
				ENABLE_STRICT_OBJC_MSGSEND = YES;
				GCC_C_LANGUAGE_STANDARD = gnu99;
				GCC_NO_COMMON_BLOCKS = YES;
				GCC_WARN_64_TO_32_BIT_CONVERSION = YES;
				GCC_WARN_ABOUT_RETURN_TYPE = YES_ERROR;
				GCC_WARN_UNDECLARED_SELECTOR = YES;
				GCC_WARN_UNINITIALIZED_AUTOS = YES_AGGRESSIVE;
				GCC_WARN_UNUSED_FUNCTION = YES;
				GCC_WARN_UNUSED_VARIABLE = YES;
				IPHONEOS_DEPLOYMENT_TARGET = 9.1;
				MTL_ENABLE_DEBUG_INFO = NO;
				SDKROOT = iphoneos;
				TARGETED_DEVICE_FAMILY = "1,2";
				VALIDATE_PRODUCT = YES;
			};
			name = Release;
		};
		B869FECD1C53155D00DD7CE5 /* Debug */ = {
			isa = XCBuildConfiguration;
			baseConfigurationReference = 0BD5188340D5B070629CE72C /* Pods-FlickrDemo.debug.xcconfig */;
			buildSettings = {
				ASSETCATALOG_COMPILER_APPICON_NAME = AppIcon;
				CODE_SIGN_IDENTITY = "iPhone Developer";
				"CODE_SIGN_IDENTITY[sdk=iphoneos*]" = "iPhone Developer";
				INFOPLIST_FILE = FlickrDemo/Info.plist;
				LD_RUNPATH_SEARCH_PATHS = "$(inherited) @executable_path/Frameworks";
				PRODUCT_BUNDLE_IDENTIFIER = com.planhola.FlickrDemo;
				PRODUCT_NAME = "$(TARGET_NAME)";
				PROVISIONING_PROFILE = "";
			};
			name = Debug;
		};
		B869FECE1C53155D00DD7CE5 /* Release */ = {
			isa = XCBuildConfiguration;
			baseConfigurationReference = A26B548B93848CD576C7CBD6 /* Pods-FlickrDemo.release.xcconfig */;
			buildSettings = {
				ASSETCATALOG_COMPILER_APPICON_NAME = AppIcon;
				CODE_SIGN_IDENTITY = "iPhone Developer";
				"CODE_SIGN_IDENTITY[sdk=iphoneos*]" = "iPhone Developer";
				INFOPLIST_FILE = FlickrDemo/Info.plist;
				LD_RUNPATH_SEARCH_PATHS = "$(inherited) @executable_path/Frameworks";
				PRODUCT_BUNDLE_IDENTIFIER = com.planhola.FlickrDemo;
				PRODUCT_NAME = "$(TARGET_NAME)";
				PROVISIONING_PROFILE = "";
			};
			name = Release;
		};
		B869FED01C53155D00DD7CE5 /* Debug */ = {
			isa = XCBuildConfiguration;
			buildSettings = {
				BUNDLE_LOADER = "$(TEST_HOST)";
				INFOPLIST_FILE = FlickrDemoTests/Info.plist;
				LD_RUNPATH_SEARCH_PATHS = "$(inherited) @executable_path/Frameworks @loader_path/Frameworks";
				PRODUCT_BUNDLE_IDENTIFIER = com.planhola.FlickrDemoTests;
				PRODUCT_NAME = "$(TARGET_NAME)";
				TEST_HOST = "$(BUILT_PRODUCTS_DIR)/FlickrDemo.app/FlickrDemo";
			};
			name = Debug;
		};
		B869FED11C53155D00DD7CE5 /* Release */ = {
			isa = XCBuildConfiguration;
			buildSettings = {
				BUNDLE_LOADER = "$(TEST_HOST)";
				INFOPLIST_FILE = FlickrDemoTests/Info.plist;
				LD_RUNPATH_SEARCH_PATHS = "$(inherited) @executable_path/Frameworks @loader_path/Frameworks";
				PRODUCT_BUNDLE_IDENTIFIER = com.planhola.FlickrDemoTests;
				PRODUCT_NAME = "$(TARGET_NAME)";
				TEST_HOST = "$(BUILT_PRODUCTS_DIR)/FlickrDemo.app/FlickrDemo";
			};
			name = Release;
		};
		B869FED31C53155D00DD7CE5 /* Debug */ = {
			isa = XCBuildConfiguration;
			buildSettings = {
				INFOPLIST_FILE = FlickrDemoUITests/Info.plist;
				LD_RUNPATH_SEARCH_PATHS = "$(inherited) @executable_path/Frameworks @loader_path/Frameworks";
				PRODUCT_BUNDLE_IDENTIFIER = com.planhola.FlickrDemoUITests;
				PRODUCT_NAME = "$(TARGET_NAME)";
				TEST_TARGET_NAME = FlickrDemo;
				USES_XCTRUNNER = YES;
			};
			name = Debug;
		};
		B869FED41C53155D00DD7CE5 /* Release */ = {
			isa = XCBuildConfiguration;
			buildSettings = {
				INFOPLIST_FILE = FlickrDemoUITests/Info.plist;
				LD_RUNPATH_SEARCH_PATHS = "$(inherited) @executable_path/Frameworks @loader_path/Frameworks";
				PRODUCT_BUNDLE_IDENTIFIER = com.planhola.FlickrDemoUITests;
				PRODUCT_NAME = "$(TARGET_NAME)";
				TEST_TARGET_NAME = FlickrDemo;
				USES_XCTRUNNER = YES;
			};
			name = Release;
		};
/* End XCBuildConfiguration section */

/* Begin XCConfigurationList section */
		B869FE9A1C53155D00DD7CE5 /* Build configuration list for PBXProject "FlickrDemo" */ = {
			isa = XCConfigurationList;
			buildConfigurations = (
				B869FECA1C53155D00DD7CE5 /* Debug */,
				B869FECB1C53155D00DD7CE5 /* Release */,
			);
			defaultConfigurationIsVisible = 0;
			defaultConfigurationName = Release;
		};
		B869FECC1C53155D00DD7CE5 /* Build configuration list for PBXNativeTarget "FlickrDemo" */ = {
			isa = XCConfigurationList;
			buildConfigurations = (
				B869FECD1C53155D00DD7CE5 /* Debug */,
				B869FECE1C53155D00DD7CE5 /* Release */,
			);
			defaultConfigurationIsVisible = 0;
			defaultConfigurationName = Release;
		};
		B869FECF1C53155D00DD7CE5 /* Build configuration list for PBXNativeTarget "FlickrDemoTests" */ = {
			isa = XCConfigurationList;
			buildConfigurations = (
				B869FED01C53155D00DD7CE5 /* Debug */,
				B869FED11C53155D00DD7CE5 /* Release */,
			);
			defaultConfigurationIsVisible = 0;
			defaultConfigurationName = Release;
		};
		B869FED21C53155D00DD7CE5 /* Build configuration list for PBXNativeTarget "FlickrDemoUITests" */ = {
			isa = XCConfigurationList;
			buildConfigurations = (
				B869FED31C53155D00DD7CE5 /* Debug */,
				B869FED41C53155D00DD7CE5 /* Release */,
			);
			defaultConfigurationIsVisible = 0;
			defaultConfigurationName = Release;
		};
/* End XCConfigurationList section */
	};
	rootObject = B869FE971C53155D00DD7CE5 /* Project object */;
}
